# THIS IS AN AUTOGENERATED FILE. DO NOT EDIT THIS FILE DIRECTLY.
# yarn lockfile v1


"@atlaskit/css-reset@^3.0.0":
  version "3.0.0"
  resolved "https://registry.yarnpkg.com/@atlaskit/css-reset/-/css-reset-3.0.0.tgz#118161050f4c389519518d66079c28adf7fe8ae7"
  dependencies:
    "@atlaskit/util-shared-styles" "^2.10.3"

"@atlaskit/util-shared-styles@^2.10.3":
  version "2.10.8"
  resolved "https://registry.yarnpkg.com/@atlaskit/util-shared-styles/-/util-shared-styles-2.10.8.tgz#07fb6903cb749575c36a1d7e25f4638bbcf866f7"
  dependencies:
    babel-runtime "^6.11.6"

"@babel/code-frame@7.0.0-beta.44":
  version "7.0.0-beta.44"
  resolved "https://registry.yarnpkg.com/@babel/code-frame/-/code-frame-7.0.0-beta.44.tgz#2a02643368de80916162be70865c97774f3adbd9"
  dependencies:
    "@babel/highlight" "7.0.0-beta.44"

"@babel/generator@7.0.0-beta.44":
  version "7.0.0-beta.44"
  resolved "https://registry.yarnpkg.com/@babel/generator/-/generator-7.0.0-beta.44.tgz#c7e67b9b5284afcf69b309b50d7d37f3e5033d42"
  dependencies:
    "@babel/types" "7.0.0-beta.44"
    jsesc "^2.5.1"
    lodash "^4.2.0"
    source-map "^0.5.0"
    trim-right "^1.0.1"

"@babel/helper-function-name@7.0.0-beta.44":
  version "7.0.0-beta.44"
  resolved "https://registry.yarnpkg.com/@babel/helper-function-name/-/helper-function-name-7.0.0-beta.44.tgz#e18552aaae2231100a6e485e03854bc3532d44dd"
  dependencies:
    "@babel/helper-get-function-arity" "7.0.0-beta.44"
    "@babel/template" "7.0.0-beta.44"
    "@babel/types" "7.0.0-beta.44"

"@babel/helper-get-function-arity@7.0.0-beta.44":
  version "7.0.0-beta.44"
  resolved "https://registry.yarnpkg.com/@babel/helper-get-function-arity/-/helper-get-function-arity-7.0.0-beta.44.tgz#d03ca6dd2b9f7b0b1e6b32c56c72836140db3a15"
  dependencies:
    "@babel/types" "7.0.0-beta.44"

"@babel/helper-split-export-declaration@7.0.0-beta.44":
  version "7.0.0-beta.44"
  resolved "https://registry.yarnpkg.com/@babel/helper-split-export-declaration/-/helper-split-export-declaration-7.0.0-beta.44.tgz#c0b351735e0fbcb3822c8ad8db4e583b05ebd9dc"
  dependencies:
    "@babel/types" "7.0.0-beta.44"

"@babel/highlight@7.0.0-beta.44":
  version "7.0.0-beta.44"
  resolved "https://registry.yarnpkg.com/@babel/highlight/-/highlight-7.0.0-beta.44.tgz#18c94ce543916a80553edcdcf681890b200747d5"
  dependencies:
    chalk "^2.0.0"
    esutils "^2.0.2"
    js-tokens "^3.0.0"

"@babel/template@7.0.0-beta.44":
  version "7.0.0-beta.44"
  resolved "https://registry.yarnpkg.com/@babel/template/-/template-7.0.0-beta.44.tgz#f8832f4fdcee5d59bf515e595fc5106c529b394f"
  dependencies:
    "@babel/code-frame" "7.0.0-beta.44"
    "@babel/types" "7.0.0-beta.44"
    babylon "7.0.0-beta.44"
    lodash "^4.2.0"

"@babel/traverse@7.0.0-beta.44":
  version "7.0.0-beta.44"
  resolved "https://registry.yarnpkg.com/@babel/traverse/-/traverse-7.0.0-beta.44.tgz#a970a2c45477ad18017e2e465a0606feee0d2966"
  dependencies:
    "@babel/code-frame" "7.0.0-beta.44"
    "@babel/generator" "7.0.0-beta.44"
    "@babel/helper-function-name" "7.0.0-beta.44"
    "@babel/helper-split-export-declaration" "7.0.0-beta.44"
    "@babel/types" "7.0.0-beta.44"
    babylon "7.0.0-beta.44"
    debug "^3.1.0"
    globals "^11.1.0"
    invariant "^2.2.0"
    lodash "^4.2.0"

"@babel/types@7.0.0-beta.44":
  version "7.0.0-beta.44"
  resolved "https://registry.yarnpkg.com/@babel/types/-/types-7.0.0-beta.44.tgz#6b1b164591f77dec0a0342aca995f2d046b3a757"
  dependencies:
    esutils "^2.0.2"
    lodash "^4.2.0"
    to-fast-properties "^2.0.0"

ansi-styles@^3.2.1:
  version "3.2.1"
  resolved "https://registry.yarnpkg.com/ansi-styles/-/ansi-styles-3.2.1.tgz#41fbb20243e50b12be0f04b8dedbf07520ce841d"
  dependencies:
    color-convert "^1.9.0"

asap@~2.0.3:
  version "2.0.6"
  resolved "https://registry.yarnpkg.com/asap/-/asap-2.0.6.tgz#e50347611d7e690943208bbdafebcbc2fb866d46"

babel-eslint@^8.2.6:
  version "8.2.6"
  resolved "https://registry.yarnpkg.com/babel-eslint/-/babel-eslint-8.2.6.tgz#6270d0c73205628067c0f7ae1693a9e797acefd9"
  dependencies:
    "@babel/code-frame" "7.0.0-beta.44"
    "@babel/traverse" "7.0.0-beta.44"
    "@babel/types" "7.0.0-beta.44"
    babylon "7.0.0-beta.44"
    eslint-scope "3.7.1"
    eslint-visitor-keys "^1.0.0"

babel-runtime@^6.11.6:
  version "6.26.0"
  resolved "https://registry.yarnpkg.com/babel-runtime/-/babel-runtime-6.26.0.tgz#965c7058668e82b55d7bfe04ff2337bc8b5647fe"
  dependencies:
    core-js "^2.4.0"
    regenerator-runtime "^0.11.0"

babylon@7.0.0-beta.44:
  version "7.0.0-beta.44"
  resolved "https://registry.yarnpkg.com/babylon/-/babylon-7.0.0-beta.44.tgz#89159e15e6e30c5096e22d738d8c0af8a0e8ca1d"

base64-js@^1.0.2:
  version "1.3.0"
  resolved "https://registry.yarnpkg.com/base64-js/-/base64-js-1.3.0.tgz#cab1e6118f051095e58b5281aea8c1cd22bfc0e3"

buffer@^5.0.3:
  version "5.2.0"
  resolved "https://registry.yarnpkg.com/buffer/-/buffer-5.2.0.tgz#53cf98241100099e9eeae20ee6d51d21b16e541e"
  dependencies:
    base64-js "^1.0.2"
    ieee754 "^1.1.4"

chalk@^2.0.0:
  version "2.4.1"
  resolved "https://registry.yarnpkg.com/chalk/-/chalk-2.4.1.tgz#18c49ab16a037b6eb0152cc83e3471338215b66e"
  dependencies:
    ansi-styles "^3.2.1"
    escape-string-regexp "^1.0.5"
    supports-color "^5.3.0"

color-convert@^1.9.0:
  version "1.9.2"
  resolved "https://registry.yarnpkg.com/color-convert/-/color-convert-1.9.2.tgz#49881b8fba67df12a96bdf3f56c0aab9e7913147"
  dependencies:
    color-name "1.1.1"

color-name@1.1.1:
  version "1.1.1"
  resolved "https://registry.yarnpkg.com/color-name/-/color-name-1.1.1.tgz#4b1415304cf50028ea81643643bd82ea05803689"

core-js@^1.0.0:
  version "1.2.7"
  resolved "https://registry.yarnpkg.com/core-js/-/core-js-1.2.7.tgz#652294c14651db28fa93bd2d5ff2983a4f08c636"

core-js@^2.4.0:
  version "2.5.7"
  resolved "https://registry.yarnpkg.com/core-js/-/core-js-2.5.7.tgz#f972608ff0cead68b841a16a932d0b183791814e"

css-color-keywords@^1.0.0:
  version "1.0.0"
  resolved "https://registry.yarnpkg.com/css-color-keywords/-/css-color-keywords-1.0.0.tgz#fea2616dc676b2962686b3af8dbdbe180b244e05"

css-to-react-native@^2.0.3:
  version "2.2.1"
  resolved "https://registry.yarnpkg.com/css-to-react-native/-/css-to-react-native-2.2.1.tgz#7f3f4c95de65501b8720c87bf0caf1f39073b88e"
  dependencies:
    css-color-keywords "^1.0.0"
    fbjs "^0.8.5"
    postcss-value-parser "^3.3.0"

debug@^3.1.0:
  version "3.1.0"
  resolved "https://registry.yarnpkg.com/debug/-/debug-3.1.0.tgz#5bb5a0672628b64149566ba16819e61518c67261"
  dependencies:
    ms "2.0.0"

encoding@^0.1.11:
  version "0.1.12"
  resolved "https://registry.yarnpkg.com/encoding/-/encoding-0.1.12.tgz#538b66f3ee62cd1ab51ec323829d1f9480c74beb"
  dependencies:
    iconv-lite "~0.4.13"

escape-string-regexp@^1.0.5:
  version "1.0.5"
  resolved "https://registry.yarnpkg.com/escape-string-regexp/-/escape-string-regexp-1.0.5.tgz#1b61c0562190a8dff6ae3bb2cf0200ca130b86d4"

eslint-config-prettier@^2.9.0:
  version "2.9.0"
  resolved "https://registry.yarnpkg.com/eslint-config-prettier/-/eslint-config-prettier-2.9.0.tgz#5ecd65174d486c22dff389fe036febf502d468a3"
  dependencies:
    get-stdin "^5.0.1"

eslint-plugin-prettier@^2.6.2:
  version "2.6.2"
  resolved "https://registry.yarnpkg.com/eslint-plugin-prettier/-/eslint-plugin-prettier-2.6.2.tgz#71998c60aedfa2141f7bfcbf9d1c459bf98b4fad"
  dependencies:
    fast-diff "^1.1.1"
    jest-docblock "^21.0.0"

eslint-scope@3.7.1:
  version "3.7.1"
  resolved "https://registry.yarnpkg.com/eslint-scope/-/eslint-scope-3.7.1.tgz#3d63c3edfda02e06e01a452ad88caacc7cdcb6e8"
  dependencies:
    esrecurse "^4.1.0"
    estraverse "^4.1.1"

eslint-visitor-keys@^1.0.0:
  version "1.0.0"
  resolved "https://registry.yarnpkg.com/eslint-visitor-keys/-/eslint-visitor-keys-1.0.0.tgz#3f3180fb2e291017716acb4c9d6d5b5c34a6a81d"

esrecurse@^4.1.0:
  version "4.2.1"
  resolved "https://registry.yarnpkg.com/esrecurse/-/esrecurse-4.2.1.tgz#007a3b9fdbc2b3bb87e4879ea19c92fdbd3942cf"
  dependencies:
    estraverse "^4.1.0"

estraverse@^4.1.0, estraverse@^4.1.1:
  version "4.2.0"
  resolved "https://registry.yarnpkg.com/estraverse/-/estraverse-4.2.0.tgz#0dee3fed31fcd469618ce7342099fc1afa0bdb13"

esutils@^2.0.2:
  version "2.0.2"
  resolved "https://registry.yarnpkg.com/esutils/-/esutils-2.0.2.tgz#0abf4f1caa5bcb1f7a9d8acc6dea4faaa04bac9b"

fast-diff@^1.1.1:
  version "1.1.2"
  resolved "https://registry.yarnpkg.com/fast-diff/-/fast-diff-1.1.2.tgz#4b62c42b8e03de3f848460b639079920695d0154"

fbjs@^0.8.16, fbjs@^0.8.5:
  version "0.8.17"
  resolved "https://registry.yarnpkg.com/fbjs/-/fbjs-0.8.17.tgz#c4d598ead6949112653d6588b01a5cdcd9f90fdd"
  dependencies:
    core-js "^1.0.0"
    isomorphic-fetch "^2.1.1"
    loose-envify "^1.0.0"
    object-assign "^4.1.0"
    promise "^7.1.1"
    setimmediate "^1.0.5"
    ua-parser-js "^0.7.18"

get-stdin@^5.0.1:
  version "5.0.1"
  resolved "https://registry.yarnpkg.com/get-stdin/-/get-stdin-5.0.1.tgz#122e161591e21ff4c52530305693f20e6393a398"

globals@^11.1.0:
  version "11.7.0"
  resolved "https://registry.yarnpkg.com/globals/-/globals-11.7.0.tgz#a583faa43055b1aca771914bf68258e2fc125673"

has-flag@^1.0.0:
  version "1.0.0"
  resolved "https://registry.yarnpkg.com/has-flag/-/has-flag-1.0.0.tgz#9d9e793165ce017a00f00418c43f942a7b1d11fa"

has-flag@^3.0.0:
  version "3.0.0"
  resolved "https://registry.yarnpkg.com/has-flag/-/has-flag-3.0.0.tgz#b5d454dc2199ae225699f3467e5a07f3b955bafd"

hoist-non-react-statics@^2.5.0:
  version "2.5.5"
  resolved "https://registry.yarnpkg.com/hoist-non-react-statics/-/hoist-non-react-statics-2.5.5.tgz#c5903cf409c0dfd908f388e619d86b9c1174cb47"

iconv-lite@~0.4.13:
  version "0.4.23"
  resolved "https://registry.yarnpkg.com/iconv-lite/-/iconv-lite-0.4.23.tgz#297871f63be507adcfbfca715d0cd0eed84e9a63"
  dependencies:
    safer-buffer ">= 2.1.2 < 3"

ieee754@^1.1.4:
  version "1.1.12"
  resolved "https://registry.yarnpkg.com/ieee754/-/ieee754-1.1.12.tgz#50bf24e5b9c8bb98af4964c941cdb0918da7b60b"

invariant@^2.2.0:
  version "2.2.4"
  resolved "https://registry.yarnpkg.com/invariant/-/invariant-2.2.4.tgz#610f3c92c9359ce1db616e538008d23ff35158e6"
  dependencies:
    loose-envify "^1.0.0"

is-plain-object@^2.0.1:
  version "2.0.4"
  resolved "https://registry.yarnpkg.com/is-plain-object/-/is-plain-object-2.0.4.tgz#2c163b3fafb1b606d9d17928f05c2a1c38e07677"
  dependencies:
    isobject "^3.0.1"

is-stream@^1.0.1:
  version "1.1.0"
  resolved "https://registry.yarnpkg.com/is-stream/-/is-stream-1.1.0.tgz#12d4a3dd4e68e0b79ceb8dbc84173ae80d91ca44"

isobject@^3.0.1:
  version "3.0.1"
  resolved "https://registry.yarnpkg.com/isobject/-/isobject-3.0.1.tgz#4e431e92b11a9731636aa1f9c8d1ccbcfdab78df"

isomorphic-fetch@^2.1.1:
  version "2.2.1"
  resolved "https://registry.yarnpkg.com/isomorphic-fetch/-/isomorphic-fetch-2.2.1.tgz#611ae1acf14f5e81f729507472819fe9733558a9"
  dependencies:
    node-fetch "^1.0.1"
    whatwg-fetch ">=0.10.0"

jest-docblock@^21.0.0:
  version "21.2.0"
  resolved "https://registry.yarnpkg.com/jest-docblock/-/jest-docblock-21.2.0.tgz#51529c3b30d5fd159da60c27ceedc195faf8d414"

js-tokens@^3.0.0:
  version "3.0.2"
  resolved "https://registry.yarnpkg.com/js-tokens/-/js-tokens-3.0.2.tgz#9866df395102130e38f7f996bceb65443209c25b"

"js-tokens@^3.0.0 || ^4.0.0":
  version "4.0.0"
  resolved "https://registry.yarnpkg.com/js-tokens/-/js-tokens-4.0.0.tgz#19203fb59991df98e3a287050d4647cdeaf32499"

jsesc@^2.5.1:
  version "2.5.1"
  resolved "https://registry.yarnpkg.com/jsesc/-/jsesc-2.5.1.tgz#e421a2a8e20d6b0819df28908f782526b96dd1fe"

lodash@^4.2.0:
  version "4.17.10"
  resolved "https://registry.yarnpkg.com/lodash/-/lodash-4.17.10.tgz#1b7793cf7259ea38fb3661d4d38b3260af8ae4e7"

loose-envify@^1.0.0, loose-envify@^1.1.0, loose-envify@^1.3.1:
  version "1.4.0"
  resolved "https://registry.yarnpkg.com/loose-envify/-/loose-envify-1.4.0.tgz#71ee51fa7be4caec1a63839f7e682d8132d30caf"
  dependencies:
    js-tokens "^3.0.0 || ^4.0.0"

ms@2.0.0:
  version "2.0.0"
  resolved "https://registry.yarnpkg.com/ms/-/ms-2.0.0.tgz#5608aeadfc00be6c2901df5f9861788de0d597c8"

node-fetch@^1.0.1:
  version "1.7.3"
  resolved "https://registry.yarnpkg.com/node-fetch/-/node-fetch-1.7.3.tgz#980f6f72d85211a5347c6b2bc18c5b84c3eb47ef"
  dependencies:
    encoding "^0.1.11"
    is-stream "^1.0.1"

object-assign@^4.1.0, object-assign@^4.1.1:
  version "4.1.1"
  resolved "https://registry.yarnpkg.com/object-assign/-/object-assign-4.1.1.tgz#2109adc7965887cfc05cbbd442cac8bfbb360863"

postcss-value-parser@^3.3.0:
  version "3.3.0"
  resolved "https://registry.yarnpkg.com/postcss-value-parser/-/postcss-value-parser-3.3.0.tgz#87f38f9f18f774a4ab4c8a232f5c5ce8872a9d15"

prettier@^1.14.0:
  version "1.14.0"
  resolved "https://registry.yarnpkg.com/prettier/-/prettier-1.14.0.tgz#847c235522035fd988100f1f43cf20a7d24f9372"

promise@^7.1.1:
  version "7.3.1"
  resolved "https://registry.yarnpkg.com/promise/-/promise-7.3.1.tgz#064b72602b18f90f29192b8b1bc418ffd1ebd3bf"
  dependencies:
    asap "~2.0.3"

prop-types@^15.5.4, prop-types@^15.6.0:
  version "15.6.2"
  resolved "https://registry.yarnpkg.com/prop-types/-/prop-types-15.6.2.tgz#05d5ca77b4453e985d60fc7ff8c859094a497102"
  dependencies:
    loose-envify "^1.3.1"
    object-assign "^4.1.1"

react-dom@^16.4.1:
  version "16.4.1"
  resolved "https://registry.yarnpkg.com/react-dom/-/react-dom-16.4.1.tgz#7f8b0223b3a5fbe205116c56deb85de32685dad6"
  dependencies:
    fbjs "^0.8.16"
    loose-envify "^1.1.0"
    object-assign "^4.1.1"
    prop-types "^15.6.0"

react-is@^16.3.1:
  version "16.4.1"
  resolved "https://registry.yarnpkg.com/react-is/-/react-is-16.4.1.tgz#d624c4650d2c65dbd52c72622bbf389435d9776e"

react@^16.4.1:
  version "16.4.1"
  resolved "https://registry.yarnpkg.com/react/-/react-16.4.1.tgz#de51ba5764b5dbcd1f9079037b862bd26b82fe32"
  dependencies:
    fbjs "^0.8.16"
    loose-envify "^1.1.0"
    object-assign "^4.1.1"
    prop-types "^15.6.0"

regenerator-runtime@^0.11.0:
  version "0.11.1"
  resolved "https://registry.yarnpkg.com/regenerator-runtime/-/regenerator-runtime-0.11.1.tgz#be05ad7f9bf7d22e056f9726cee5017fbf19e2e9"

"safer-buffer@>= 2.1.2 < 3":
  version "2.1.2"
  resolved "https://registry.yarnpkg.com/safer-buffer/-/safer-buffer-2.1.2.tgz#44fa161b0187b9549dd84bb91802f9bd8385cd6a"

setimmediate@^1.0.5:
  version "1.0.5"
  resolved "https://registry.yarnpkg.com/setimmediate/-/setimmediate-1.0.5.tgz#290cbb232e306942d7d7ea9b83732ab7856f8285"

source-map@^0.5.0:
  version "0.5.7"
  resolved "https://registry.yarnpkg.com/source-map/-/source-map-0.5.7.tgz#8a039d2d1021d22d1ea14c80d8ea468ba2ef3fcc"

styled-components@^3.3.3:
  version "3.3.3"
  resolved "https://registry.yarnpkg.com/styled-components/-/styled-components-3.3.3.tgz#09e702055ab11f7a8eab8229b1c0d0b855095686"
  dependencies:
    buffer "^5.0.3"
    css-to-react-native "^2.0.3"
    fbjs "^0.8.16"
    hoist-non-react-statics "^2.5.0"
    is-plain-object "^2.0.1"
    prop-types "^15.5.4"
    react-is "^16.3.1"
    stylis "^3.5.0"
    stylis-rule-sheet "^0.0.10"
    supports-color "^3.2.3"

stylis-rule-sheet@^0.0.10:
  version "0.0.10"
  resolved "https://registry.yarnpkg.com/stylis-rule-sheet/-/stylis-rule-sheet-0.0.10.tgz#44e64a2b076643f4b52e5ff71efc04d8c3c4a430"

stylis@^3.5.0:
  version "3.5.3"
  resolved "https://registry.yarnpkg.com/stylis/-/stylis-3.5.3.tgz#99fdc46afba6af4deff570825994181a5e6ce546"

supports-color@^3.2.3:
  version "3.2.3"
  resolved "https://registry.yarnpkg.com/supports-color/-/supports-color-3.2.3.tgz#65ac0504b3954171d8a64946b2ae3cbb8a5f54f6"
  dependencies:
    has-flag "^1.0.0"

supports-color@^5.3.0:
  version "5.4.0"
  resolved "https://registry.yarnpkg.com/supports-color/-/supports-color-5.4.0.tgz#1c6b337402c2137605efe19f10fec390f6faab54"
  dependencies:
    has-flag "^3.0.0"

to-fast-properties@^2.0.0:
  version "2.0.0"
  resolved "https://registry.yarnpkg.com/to-fast-properties/-/to-fast-properties-2.0.0.tgz#dc5e698cbd079265bc73e0377681a4e4e83f616e"

trim-right@^1.0.1:
  version "1.0.1"
  resolved "https://registry.yarnpkg.com/trim-right/-/trim-right-1.0.1.tgz#cb2e1203067e0c8de1f614094b9fe45704ea6003"

ua-parser-js@^0.7.18:
  version "0.7.18"
  resolved "https://registry.yarnpkg.com/ua-parser-js/-/ua-parser-js-0.7.18.tgz#a7bfd92f56edfb117083b69e31d2aa8882d4b1ed"

whatwg-fetch@>=0.10.0:
  version "2.0.4"
  resolved "https://registry.yarnpkg.com/whatwg-fetch/-/whatwg-fetch-2.0.4.tgz#dde6a5df315f9d39991aa17621853d720b85566f"
